// !$*UTF8*$!
{
	archiveVersion = 1;
	classes = {
	};
	objectVersion = 50;
	objects = {

/* Begin PBXBuildFile section */
		0CD6B12B2BA63EE6007D3122 /* parcial2App.swift in Sources */ = {isa = PBXBuildFile; fileRef = 0CD6B12A2BA63EE6007D3122 /* parcial2App.swift */; };
		0CD6B12D2BA63EE6007D3122 /* ContentView.swift in Sources */ = {isa = PBXBuildFile; fileRef = 0CD6B12C2BA63EE6007D3122 /* ContentView.swift */; };
		0CD6B12F2BA63EE9007D3122 /* Assets.xcassets in Resources */ = {isa = PBXBuildFile; fileRef = 0CD6B12E2BA63EE9007D3122 /* Assets.xcassets */; };
		0CD6B1322BA63EE9007D3122 /* Preview Assets.xcassets in Resources */ = {isa = PBXBuildFile; fileRef = 0CD6B1312BA63EE9007D3122 /* Preview Assets.xcassets */; };
		0CD6B13D2BA63EE9007D3122 /* parcial2Tests.swift in Sources */ = {isa = PBXBuildFile; fileRef = 0CD6B13C2BA63EE9007D3122 /* parcial2Tests.swift */; };
		0CD6B1482BA63EE9007D3122 /* parcial2UITests.swift in Sources */ = {isa = PBXBuildFile; fileRef = 0CD6B1472BA63EE9007D3122 /* parcial2UITests.swift */; };
		0CD6B15A2BA63FAF007D3122 /* Header.swift in Sources */ = {isa = PBXBuildFile; fileRef = 0CD6B1592BA63FAF007D3122 /* Header.swift */; };
		0CD6B1632BA6443B007D3122 /* Constantes.swift in Sources */ = {isa = PBXBuildFile; fileRef = 0CD6B1622BA6443B007D3122 /* Constantes.swift */; };
/* End PBXBuildFile section */

/* Begin PBXContainerItemProxy section */
		0CD6B1392BA63EE9007D3122 /* PBXContainerItemProxy */ = {
			isa = PBXContainerItemProxy;
			containerPortal = 0CD6B11F2BA63EE6007D3122 /* Project object */;
			proxyType = 1;
			remoteGlobalIDString = 0CD6B1262BA63EE6007D3122;
			remoteInfo = parcial2;
		};
		0CD6B1442BA63EE9007D3122 /* PBXContainerItemProxy */ = {
			isa = PBXContainerItemProxy;
			containerPortal = 0CD6B11F2BA63EE6007D3122 /* Project object */;
			proxyType = 1;
			remoteGlobalIDString = 0CD6B1262BA63EE6007D3122;
			remoteInfo = parcial2;
		};
/* End PBXContainerItemProxy section */

/* Begin PBXFileReference section */
		0CD6B1272BA63EE6007D3122 /* parcial2.app */ = {isa = PBXFileReference; explicitFileType = wrapper.application; includeInIndex = 0; path = parcial2.app; sourceTree = BUILT_PRODUCTS_DIR; };
		0CD6B12A2BA63EE6007D3122 /* parcial2App.swift */ = {isa = PBXFileReference; lastKnownFileType = sourcecode.swift; path = parcial2App.swift; sourceTree = "<group>"; };
		0CD6B12C2BA63EE6007D3122 /* ContentView.swift */ = {isa = PBXFileReference; lastKnownFileType = sourcecode.swift; path = ContentView.swift; sourceTree = "<group>"; };
		0CD6B12E2BA63EE9007D3122 /* Assets.xcassets */ = {isa = PBXFileReference; lastKnownFileType = folder.assetcatalog; path = Assets.xcassets; sourceTree = "<group>"; };
		0CD6B1312BA63EE9007D3122 /* Preview Assets.xcassets */ = {isa = PBXFileReference; lastKnownFileType = folder.assetcatalog; path = "Preview Assets.xcassets"; sourceTree = "<group>"; };
		0CD6B1332BA63EE9007D3122 /* Info.plist */ = {isa = PBXFileReference; lastKnownFileType = text.plist.xml; path = Info.plist; sourceTree = "<group>"; };
		0CD6B1382BA63EE9007D3122 /* parcial2Tests.xctest */ = {isa = PBXFileReference; explicitFileType = wrapper.cfbundle; includeInIndex = 0; path = parcial2Tests.xctest; sourceTree = BUILT_PRODUCTS_DIR; };
		0CD6B13C2BA63EE9007D3122 /* parcial2Tests.swift */ = {isa = PBXFileReference; lastKnownFileType = sourcecode.swift; path = parcial2Tests.swift; sourceTree = "<group>"; };
		0CD6B13E2BA63EE9007D3122 /* Info.plist */ = {isa = PBXFileReference; lastKnownFileType = text.plist.xml; path = Info.plist; sourceTree = "<group>"; };
		0CD6B1432BA63EE9007D3122 /* parcial2UITests.xctest */ = {isa = PBXFileReference; explicitFileType = wrapper.cfbundle; includeInIndex = 0; path = parcial2UITests.xctest; sourceTree = BUILT_PRODUCTS_DIR; };
		0CD6B1472BA63EE9007D3122 /* parcial2UITests.swift */ = {isa = PBXFileReference; lastKnownFileType = sourcecode.swift; path = parcial2UITests.swift; sourceTree = "<group>"; };
		0CD6B1492BA63EE9007D3122 /* Info.plist */ = {isa = PBXFileReference; lastKnownFileType = text.plist.xml; path = Info.plist; sourceTree = "<group>"; };
		0CD6B1592BA63FAF007D3122 /* Header.swift */ = {isa = PBXFileReference; lastKnownFileType = sourcecode.swift; path = Header.swift; sourceTree = "<group>"; };
		0CD6B1622BA6443B007D3122 /* Constantes.swift */ = {isa = PBXFileReference; lastKnownFileType = sourcecode.swift; path = Constantes.swift; sourceTree = "<group>"; };
/* End PBXFileReference section */

/* Begin PBXFrameworksBuildPhase section */
		0CD6B1242BA63EE6007D3122 /* Frameworks */ = {
			isa = PBXFrameworksBuildPhase;
			buildActionMask = 2147483647;
			files = (
			);
			runOnlyForDeploymentPostprocessing = 0;
		};
		0CD6B1352BA63EE9007D3122 /* Frameworks */ = {
			isa = PBXFrameworksBuildPhase;
			buildActionMask = 2147483647;
			files = (
			);
			runOnlyForDeploymentPostprocessing = 0;
		};
		0CD6B1402BA63EE9007D3122 /* Frameworks */ = {
			isa = PBXFrameworksBuildPhase;
			buildActionMask = 2147483647;
			files = (
			);
			runOnlyForDeploymentPostprocessing = 0;
		};
/* End PBXFrameworksBuildPhase section */

/* Begin PBXGroup section */
		0CD6B11E2BA63EE6007D3122 = {
			isa = PBXGroup;
			children = (
				0CD6B1292BA63EE6007D3122 /* parcial2 */,
				0CD6B13B2BA63EE9007D3122 /* parcial2Tests */,
				0CD6B1462BA63EE9007D3122 /* parcial2UITests */,
				0CD6B1282BA63EE6007D3122 /* Products */,
			);
			sourceTree = "<group>";
		};
		0CD6B1282BA63EE6007D3122 /* Products */ = {
			isa = PBXGroup;
			children = (
				0CD6B1272BA63EE6007D3122 /* parcial2.app */,
				0CD6B1382BA63EE9007D3122 /* parcial2Tests.xctest */,
				0CD6B1432BA63EE9007D3122 /* parcial2UITests.xctest */,
			);
			name = Products;
			sourceTree = "<group>";
		};
		0CD6B1292BA63EE6007D3122 /* parcial2 */ = {
			isa = PBXGroup;
			children = (
				0CD6B1612BA6441F007D3122 /* util */,
				0CD6B1582BA63F88007D3122 /* header */,
				0CD6B12A2BA63EE6007D3122 /* parcial2App.swift */,
				0CD6B12C2BA63EE6007D3122 /* ContentView.swift */,
				0CD6B12E2BA63EE9007D3122 /* Assets.xcassets */,
				0CD6B1332BA63EE9007D3122 /* Info.plist */,
				0CD6B1302BA63EE9007D3122 /* Preview Content */,
			);
			path = parcial2;
			sourceTree = "<group>";
		};
		0CD6B1302BA63EE9007D3122 /* Preview Content */ = {
			isa = PBXGroup;
			children = (
				0CD6B1312BA63EE9007D3122 /* Preview Assets.xcassets */,
			);
			path = "Preview Content";
			sourceTree = "<group>";
		};
		0CD6B13B2BA63EE9007D3122 /* parcial2Tests */ = {
			isa = PBXGroup;
			children = (
				0CD6B13C2BA63EE9007D3122 /* parcial2Tests.swift */,
				0CD6B13E2BA63EE9007D3122 /* Info.plist */,
			);
			path = parcial2Tests;
			sourceTree = "<group>";
		};
		0CD6B1462BA63EE9007D3122 /* parcial2UITests */ = {
			isa = PBXGroup;
			children = (
				0CD6B1472BA63EE9007D3122 /* parcial2UITests.swift */,
				0CD6B1492BA63EE9007D3122 /* Info.plist */,
			);
			path = parcial2UITests;
			sourceTree = "<group>";
		};
		0CD6B1582BA63F88007D3122 /* header */ = {
			isa = PBXGroup;
			children = (
				0CD6B1592BA63FAF007D3122 /* Header.swift */,
			);
			path = header;
			sourceTree = "<group>";
		};
		0CD6B1612BA6441F007D3122 /* util */ = {
			isa = PBXGroup;
			children = (
				0CD6B1622BA6443B007D3122 /* Constantes.swift */,
			);
			path = util;
			sourceTree = "<group>";
		};
/* End PBXGroup section */

/* Begin PBXNativeTarget section */
		0CD6B1262BA63EE6007D3122 /* parcial2 */ = {
			isa = PBXNativeTarget;
			buildConfigurationList = 0CD6B14C2BA63EE9007D3122 /* Build configuration list for PBXNativeTarget "parcial2" */;
			buildPhases = (
				0CD6B1232BA63EE6007D3122 /* Sources */,
				0CD6B1242BA63EE6007D3122 /* Frameworks */,
				0CD6B1252BA63EE6007D3122 /* Resources */,
			);
			buildRules = (
			);
			dependencies = (
			);
			name = parcial2;
			productName = parcial2;
			productReference = 0CD6B1272BA63EE6007D3122 /* parcial2.app */;
			productType = "com.apple.product-type.application";
		};
		0CD6B1372BA63EE9007D3122 /* parcial2Tests */ = {
			isa = PBXNativeTarget;
			buildConfigurationList = 0CD6B14F2BA63EE9007D3122 /* Build configuration list for PBXNativeTarget "parcial2Tests" */;
			buildPhases = (
				0CD6B1342BA63EE9007D3122 /* Sources */,
				0CD6B1352BA63EE9007D3122 /* Frameworks */,
				0CD6B1362BA63EE9007D3122 /* Resources */,
			);
			buildRules = (
			);
			dependencies = (
				0CD6B13A2BA63EE9007D3122 /* PBXTargetDependency */,
			);
			name = parcial2Tests;
			productName = parcial2Tests;
			productReference = 0CD6B1382BA63EE9007D3122 /* parcial2Tests.xctest */;
			productType = "com.apple.product-type.bundle.unit-test";
		};
		0CD6B1422BA63EE9007D3122 /* parcial2UITests */ = {
			isa = PBXNativeTarget;
			buildConfigurationList = 0CD6B1522BA63EE9007D3122 /* Build configuration list for PBXNativeTarget "parcial2UITests" */;
			buildPhases = (
				0CD6B13F2BA63EE9007D3122 /* Sources */,
				0CD6B1402BA63EE9007D3122 /* Frameworks */,
				0CD6B1412BA63EE9007D3122 /* Resources */,
			);
			buildRules = (
			);
			dependencies = (
				0CD6B1452BA63EE9007D3122 /* PBXTargetDependency */,
			);
			name = parcial2UITests;
			productName = parcial2UITests;
			productReference = 0CD6B1432BA63EE9007D3122 /* parcial2UITests.xctest */;
			productType = "com.apple.product-type.bundle.ui-testing";
		};
/* End PBXNativeTarget section */

/* Begin PBXProject section */
		0CD6B11F2BA63EE6007D3122 /* Project object */ = {
			isa = PBXProject;
			attributes = {
				LastSwiftUpdateCheck = 1200;
				LastUpgradeCheck = 1200;
				TargetAttributes = {
					0CD6B1262BA63EE6007D3122 = {
						CreatedOnToolsVersion = 12.0;
					};
					0CD6B1372BA63EE9007D3122 = {
						CreatedOnToolsVersion = 12.0;
						TestTargetID = 0CD6B1262BA63EE6007D3122;
					};
					0CD6B1422BA63EE9007D3122 = {
						CreatedOnToolsVersion = 12.0;
						TestTargetID = 0CD6B1262BA63EE6007D3122;
					};
				};
			};
			buildConfigurationList = 0CD6B1222BA63EE6007D3122 /* Build configuration list for PBXProject "parcial2" */;
			compatibilityVersion = "Xcode 9.3";
			developmentRegion = en;
			hasScannedForEncodings = 0;
			knownRegions = (
				en,
				Base,
			);
			mainGroup = 0CD6B11E2BA63EE6007D3122;
			productRefGroup = 0CD6B1282BA63EE6007D3122 /* Products */;
			projectDirPath = "";
			projectRoot = "";
			targets = (
				0CD6B1262BA63EE6007D3122 /* parcial2 */,
				0CD6B1372BA63EE9007D3122 /* parcial2Tests */,
				0CD6B1422BA63EE9007D3122 /* parcial2UITests */,
			);
		};
/* End PBXProject section */

/* Begin PBXResourcesBuildPhase section */
		0CD6B1252BA63EE6007D3122 /* Resources */ = {
			isa = PBXResourcesBuildPhase;
			buildActionMask = 2147483647;
			files = (
				0CD6B1322BA63EE9007D3122 /* Preview Assets.xcassets in Resources */,
				0CD6B12F2BA63EE9007D3122 /* Assets.xcassets in Resources */,
			);
			runOnlyForDeploymentPostprocessing = 0;
		};
		0CD6B1362BA63EE9007D3122 /* Resources */ = {
			isa = PBXResourcesBuildPhase;
			buildActionMask = 2147483647;
			files = (
			);
			runOnlyForDeploymentPostprocessing = 0;
		};
		0CD6B1412BA63EE9007D3122 /* Resources */ = {
			isa = PBXResourcesBuildPhase;
			buildActionMask = 2147483647;
			files = (
			);
			runOnlyForDeploymentPostprocessing = 0;
		};
/* End PBXResourcesBuildPhase section */

/* Begin PBXSourcesBuildPhase section */
		0CD6B1232BA63EE6007D3122 /* Sources */ = {
			isa = PBXSourcesBuildPhase;
			buildActionMask = 2147483647;
			files = (
				0CD6B12D2BA63EE6007D3122 /* ContentView.swift in Sources */,
				0CD6B1632BA6443B007D3122 /* Constantes.swift in Sources */,
				0CD6B15A2BA63FAF007D3122 /* Header.swift in Sources */,
				0CD6B12B2BA63EE6007D3122 /* parcial2App.swift in Sources */,
			);
			runOnlyForDeploymentPostprocessing = 0;
		};
		0CD6B1342BA63EE9007D3122 /* Sources */ = {
			isa = PBXSourcesBuildPhase;
			buildActionMask = 2147483647;
			files = (
				0CD6B13D2BA63EE9007D3122 /* parcial2Tests.swift in Sources */,
			);
			runOnlyForDeploymentPostprocessing = 0;
		};
		0CD6B13F2BA63EE9007D3122 /* Sources */ = {
			isa = PBXSourcesBuildPhase;
			buildActionMask = 2147483647;
			files = (
				0CD6B1482BA63EE9007D3122 /* parcial2UITests.swift in Sources */,
			);
			runOnlyForDeploymentPostprocessing = 0;
		};
/* End PBXSourcesBuildPhase section */

/* Begin PBXTargetDependency section */
		0CD6B13A2BA63EE9007D3122 /* PBXTargetDependency */ = {
			isa = PBXTargetDependency;
			target = 0CD6B1262BA63EE6007D3122 /* parcial2 */;
			targetProxy = 0CD6B1392BA63EE9007D3122 /* PBXContainerItemProxy */;
		};
		0CD6B1452BA63EE9007D3122 /* PBXTargetDependency */ = {
			isa = PBXTargetDependency;
			target = 0CD6B1262BA63EE6007D3122 /* parcial2 */;
			targetProxy = 0CD6B1442BA63EE9007D3122 /* PBXContainerItemProxy */;
		};
/* End PBXTargetDependency section */

/* Begin XCBuildConfiguration section */
		0CD6B14A2BA63EE9007D3122 /* Debug */ = {
			isa = XCBuildConfiguration;
			buildSettings = {
				ALWAYS_SEARCH_USER_PATHS = NO;
				CLANG_ANALYZER_NONNULL = YES;
				CLANG_ANALYZER_NUMBER_OBJECT_CONVERSION = YES_AGGRESSIVE;
				CLANG_CXX_LANGUAGE_STANDARD = "gnu++14";
				CLANG_CXX_LIBRARY = "libc++";
				CLANG_ENABLE_MODULES = YES;
				CLANG_ENABLE_OBJC_ARC = YES;
				CLANG_ENABLE_OBJC_WEAK = YES;
				CLANG_WARN_BLOCK_CAPTURE_AUTORELEASING = YES;
				CLANG_WARN_BOOL_CONVERSION = YES;
				CLANG_WARN_COMMA = YES;
				CLANG_WARN_CONSTANT_CONVERSION = YES;
				CLANG_WARN_DEPRECATED_OBJC_IMPLEMENTATIONS = YES;
				CLANG_WARN_DIRECT_OBJC_ISA_USAGE = YES_ERROR;
				CLANG_WARN_DOCUMENTATION_COMMENTS = YES;
				CLANG_WARN_EMPTY_BODY = YES;
				CLANG_WARN_ENUM_CONVERSION = YES;
				CLANG_WARN_INFINITE_RECURSION = YES;
				CLANG_WARN_INT_CONVERSION = YES;
				CLANG_WARN_NON_LITERAL_NULL_CONVERSION = YES;
				CLANG_WARN_OBJC_IMPLICIT_RETAIN_SELF = YES;
				CLANG_WARN_OBJC_LITERAL_CONVERSION = YES;
				CLANG_WARN_OBJC_ROOT_CLASS = YES_ERROR;
				CLANG_WARN_QUOTED_INCLUDE_IN_FRAMEWORK_HEADER = YES;
				CLANG_WARN_RANGE_LOOP_ANALYSIS = YES;
				CLANG_WARN_STRICT_PROTOTYPES = YES;
				CLANG_WARN_SUSPICIOUS_MOVE = YES;
				CLANG_WARN_UNGUARDED_AVAILABILITY = YES_AGGRESSIVE;
				CLANG_WARN_UNREACHABLE_CODE = YES;
				CLANG_WARN__DUPLICATE_METHOD_MATCH = YES;
				COPY_PHASE_STRIP = NO;
				DEBUG_INFORMATION_FORMAT = dwarf;
				ENABLE_STRICT_OBJC_MSGSEND = YES;
				ENABLE_TESTABILITY = YES;
				GCC_C_LANGUAGE_STANDARD = gnu11;
				GCC_DYNAMIC_NO_PIC = NO;
				GCC_NO_COMMON_BLOCKS = YES;
				GCC_OPTIMIZATION_LEVEL = 0;
				GCC_PREPROCESSOR_DEFINITIONS = (
					"DEBUG=1",
					"$(inherited)",
				);
				GCC_WARN_64_TO_32_BIT_CONVERSION = YES;
				GCC_WARN_ABOUT_RETURN_TYPE = YES_ERROR;
				GCC_WARN_UNDECLARED_SELECTOR = YES;
				GCC_WARN_UNINITIALIZED_AUTOS = YES_AGGRESSIVE;
				GCC_WARN_UNUSED_FUNCTION = YES;
				GCC_WARN_UNUSED_VARIABLE = YES;
				IPHONEOS_DEPLOYMENT_TARGET = 14.0;
				MTL_ENABLE_DEBUG_INFO = INCLUDE_SOURCE;
				MTL_FAST_MATH = YES;
				ONLY_ACTIVE_ARCH = YES;
				SDKROOT = iphoneos;
				SWIFT_ACTIVE_COMPILATION_CONDITIONS = DEBUG;
				SWIFT_OPTIMIZATION_LEVEL = "-Onone";
			};
			name = Debug;
		};
		0CD6B14B2BA63EE9007D3122 /* Release */ = {
			isa = XCBuildConfiguration;
			buildSettings = {
				ALWAYS_SEARCH_USER_PATHS = NO;
				CLANG_ANALYZER_NONNULL = YES;
				CLANG_ANALYZER_NUMBER_OBJECT_CONVERSION = YES_AGGRESSIVE;
				CLANG_CXX_LANGUAGE_STANDARD = "gnu++14";
				CLANG_CXX_LIBRARY = "libc++";
				CLANG_ENABLE_MODULES = YES;
				CLANG_ENABLE_OBJC_ARC = YES;
				CLANG_ENABLE_OBJC_WEAK = YES;
				CLANG_WARN_BLOCK_CAPTURE_AUTORELEASING = YES;
				CLANG_WARN_BOOL_CONVERSION = YES;
				CLANG_WARN_COMMA = YES;
				CLANG_WARN_CONSTANT_CONVERSION = YES;
				CLANG_WARN_DEPRECATED_OBJC_IMPLEMENTATIONS = YES;
				CLANG_WARN_DIRECT_OBJC_ISA_USAGE = YES_ERROR;
				CLANG_WARN_DOCUMENTATION_COMMENTS = YES;
				CLANG_WARN_EMPTY_BODY = YES;
				CLANG_WARN_ENUM_CONVERSION = YES;
				CLANG_WARN_INFINITE_RECURSION = YES;
				CLANG_WARN_INT_CONVERSION = YES;
				CLANG_WARN_NON_LITERAL_NULL_CONVERSION = YES;
				CLANG_WARN_OBJC_IMPLICIT_RETAIN_SELF = YES;
				CLANG_WARN_OBJC_LITERAL_CONVERSION = YES;
				CLANG_WARN_OBJC_ROOT_CLASS = YES_ERROR;
				CLANG_WARN_QUOTED_INCLUDE_IN_FRAMEWORK_HEADER = YES;
				CLANG_WARN_RANGE_LOOP_ANALYSIS = YES;
				CLANG_WARN_STRICT_PROTOTYPES = YES;
				CLANG_WARN_SUSPICIOUS_MOVE = YES;
				CLANG_WARN_UNGUARDED_AVAILABILITY = YES_AGGRESSIVE;
				CLANG_WARN_UNREACHABLE_CODE = YES;
				CLANG_WARN__DUPLICATE_METHOD_MATCH = YES;
				COPY_PHASE_STRIP = NO;
				DEBUG_INFORMATION_FORMAT = "dwarf-with-dsym";
				ENABLE_NS_ASSERTIONS = NO;
				ENABLE_STRICT_OBJC_MSGSEND = YES;
				GCC_C_LANGUAGE_STANDARD = gnu11;
				GCC_NO_COMMON_BLOCKS = YES;
				GCC_WARN_64_TO_32_BIT_CONVERSION = YES;
				GCC_WARN_ABOUT_RETURN_TYPE = YES_ERROR;
				GCC_WARN_UNDECLARED_SELECTOR = YES;
				GCC_WARN_UNINITIALIZED_AUTOS = YES_AGGRESSIVE;
				GCC_WARN_UNUSED_FUNCTION = YES;
				GCC_WARN_UNUSED_VARIABLE = YES;
				IPHONEOS_DEPLOYMENT_TARGET = 14.0;
				MTL_ENABLE_DEBUG_INFO = NO;
				MTL_FAST_MATH = YES;
				SDKROOT = iphoneos;
				SWIFT_COMPILATION_MODE = wholemodule;
				SWIFT_OPTIMIZATION_LEVEL = "-O";
				VALIDATE_PRODUCT = YES;
			};
			name = Release;
		};
		0CD6B14D2BA63EE9007D3122 /* Debug */ = {
			isa = XCBuildConfiguration;
			buildSettings = {
				ASSETCATALOG_COMPILER_APPICON_NAME = AppIcon;
				ASSETCATALOG_COMPILER_GLOBAL_ACCENT_COLOR_NAME = AccentColor;
				CODE_SIGN_STYLE = Automatic;
				DEVELOPMENT_ASSET_PATHS = "\"parcial2/Preview Content\"";
				ENABLE_PREVIEWS = YES;
				INFOPLIST_FILE = parcial2/Info.plist;
				IPHONEOS_DEPLOYMENT_TARGET = 14.0;
				LD_RUNPATH_SEARCH_PATHS = (
					"$(inherited)",
					"@executable_path/Frameworks",
				);
				PRODUCT_BUNDLE_IDENTIFIER = utec.parcial2;
				PRODUCT_NAME = "$(TARGET_NAME)";
				SWIFT_VERSION = 5.0;
				TARGETED_DEVICE_FAMILY = "1,2";
			};
			name = Debug;
		};
		0CD6B14E2BA63EE9007D3122 /* Release */ = {
			isa = XCBuildConfiguration;
			buildSettings = {
				ASSETCATALOG_COMPILER_APPICON_NAME = AppIcon;
				ASSETCATALOG_COMPILER_GLOBAL_ACCENT_COLOR_NAME = AccentColor;
				CODE_SIGN_STYLE = Automatic;
				DEVELOPMENT_ASSET_PATHS = "\"parcial2/Preview Content\"";
				ENABLE_PREVIEWS = YES;
				INFOPLIST_FILE = parcial2/Info.plist;
				IPHONEOS_DEPLOYMENT_TARGET = 14.0;
				LD_RUNPATH_SEARCH_PATHS = (
					"$(inherited)",
					"@executable_path/Frameworks",
				);
				PRODUCT_BUNDLE_IDENTIFIER = utec.parcial2;
				PRODUCT_NAME = "$(TARGET_NAME)";
				SWIFT_VERSION = 5.0;
				TARGETED_DEVICE_FAMILY = "1,2";
			};
			name = Release;
		};
		0CD6B1502BA63EE9007D3122 /* Debug */ = {
			isa = XCBuildConfiguration;
			buildSettings = {
				ALWAYS_EMBED_SWIFT_STANDARD_LIBRARIES = YES;
				BUNDLE_LOADER = "$(TEST_HOST)";
				CODE_SIGN_STYLE = Automatic;
				INFOPLIST_FILE = parcial2Tests/Info.plist;
				IPHONEOS_DEPLOYMENT_TARGET = 14.0;
				LD_RUNPATH_SEARCH_PATHS = (
					"$(inherited)",
					"@executable_path/Frameworks",
					"@loader_path/Frameworks",
				);
				PRODUCT_BUNDLE_IDENTIFIER = utec.parcial2Tests;
				PRODUCT_NAME = "$(TARGET_NAME)";
				SWIFT_VERSION = 5.0;
				TARGETED_DEVICE_FAMILY = "1,2";
				TEST_HOST = "$(BUILT_PRODUCTS_DIR)/parcial2.app/parcial2";
			};
			name = Debug;
		};
		0CD6B1512BA63EE9007D3122 /* Release */ = {
			isa = XCBuildConfiguration;
			buildSettings = {
				ALWAYS_EMBED_SWIFT_STANDARD_LIBRARIES = YES;
				BUNDLE_LOADER = "$(TEST_HOST)";
				CODE_SIGN_STYLE = Automatic;
				INFOPLIST_FILE = parcial2Tests/Info.plist;
				IPHONEOS_DEPLOYMENT_TARGET = 14.0;
				LD_RUNPATH_SEARCH_PATHS = (
					"$(inherited)",
					"@executable_path/Frameworks",
					"@loader_path/Frameworks",
				);
				PRODUCT_BUNDLE_IDENTIFIER = utec.parcial2Tests;
				PRODUCT_NAME = "$(TARGET_NAME)";
				SWIFT_VERSION = 5.0;
				TARGETED_DEVICE_FAMILY = "1,2";
				TEST_HOST = "$(BUILT_PRODUCTS_DIR)/parcial2.app/parcial2";
			};
			name = Release;
		};
		0CD6B1532BA63EE9007D3122 /* Debug */ = {
			isa = XCBuildConfiguration;
			buildSettings = {
				ALWAYS_EMBED_SWIFT_STANDARD_LIBRARIES = YES;
				CODE_SIGN_STYLE = Automatic;
				INFOPLIST_FILE = parcial2UITests/Info.plist;
				LD_RUNPATH_SEARCH_PATHS = (
					"$(inherited)",
					"@executable_path/Frameworks",
					"@loader_path/Frameworks",
				);
				PRODUCT_BUNDLE_IDENTIFIER = utec.parcial2UITests;
				PRODUCT_NAME = "$(TARGET_NAME)";
				SWIFT_VERSION = 5.0;
				TARGETED_DEVICE_FAMILY = "1,2";
				TEST_TARGET_NAME = parcial2;
			};
			name = Debug;
		};
		0CD6B1542BA63EE9007D3122 /* Release */ = {
			isa = XCBuildConfiguration;
			buildSettings = {
				ALWAYS_EMBED_SWIFT_STANDARD_LIBRARIES = YES;
				CODE_SIGN_STYLE = Automatic;
				INFOPLIST_FILE = parcial2UITests/Info.plist;
				LD_RUNPATH_SEARCH_PATHS = (
					"$(inherited)",
					"@executable_path/Frameworks",
					"@loader_path/Frameworks",
				);
				PRODUCT_BUNDLE_IDENTIFIER = utec.parcial2UITests;
				PRODUCT_NAME = "$(TARGET_NAME)";
				SWIFT_VERSION = 5.0;
				TARGETED_DEVICE_FAMILY = "1,2";
				TEST_TARGET_NAME = parcial2;
			};
			name = Release;
		};
/* End XCBuildConfiguration section */

/* Begin XCConfigurationList section */
		0CD6B1222BA63EE6007D3122 /* Build configuration list for PBXProject "parcial2" */ = {
			isa = XCConfigurationList;
			buildConfigurations = (
				0CD6B14A2BA63EE9007D3122 /* Debug */,
				0CD6B14B2BA63EE9007D3122 /* Release */,
			);
			defaultConfigurationIsVisible = 0;
			defaultConfigurationName = Release;
		};
		0CD6B14C2BA63EE9007D3122 /* Build configuration list for PBXNativeTarget "parcial2" */ = {
			isa = XCConfigurationList;
			buildConfigurations = (
				0CD6B14D2BA63EE9007D3122 /* Debug */,
				0CD6B14E2BA63EE9007D3122 /* Release */,
			);
			defaultConfigurationIsVisible = 0;
			defaultConfigurationName = Release;
		};
		0CD6B14F2BA63EE9007D3122 /* Build configuration list for PBXNativeTarget "parcial2Tests" */ = {
			isa = XCConfigurationList;
			buildConfigurations = (
				0CD6B1502BA63EE9007D3122 /* Debug */,
				0CD6B1512BA63EE9007D3122 /* Release */,
			);
			defaultConfigurationIsVisible = 0;
			defaultConfigurationName = Release;
		};
		0CD6B1522BA63EE9007D3122 /* Build configuration list for PBXNativeTarget "parcial2UITests" */ = {
			isa = XCConfigurationList;
			buildConfigurations = (
				0CD6B1532BA63EE9007D3122 /* Debug */,
				0CD6B1542BA63EE9007D3122 /* Release */,
			);
			defaultConfigurationIsVisible = 0;
			defaultConfigurationName = Release;
		};
/* End XCConfigurationList section */
	};
	rootObject = 0CD6B11F2BA63EE6007D3122 /* Project object */;
}
